// !$*UTF8*$!
{
	archiveVersion = 1;
	classes = {
	};
	objectVersion = 48;
	objects = {

/* Begin PBXBuildFile section */
		5371C78804EE583B24766BDB /* Pods_itesm_event_listing.framework in Frameworks */ = {isa = PBXBuildFile; fileRef = 1FB3109C0DC8620F198BF57A /* Pods_itesm_event_listing.framework */; };
		6991AC1B1CE7F71922ACE000 /* Pods_itesm_event_listingTests.framework in Frameworks */ = {isa = PBXBuildFile; fileRef = 74AEB52661EA3FB3DC1452F6 /* Pods_itesm_event_listingTests.framework */; };
		740ECE954B56634691F3508F /* Pods_itesm_event_listingUITests.framework in Frameworks */ = {isa = PBXBuildFile; fileRef = 0E40FF0EAB284D845B741A9D /* Pods_itesm_event_listingUITests.framework */; };
		753EDD92207BF80200C73265 /* Event.swift in Sources */ = {isa = PBXBuildFile; fileRef = 753EDD91207BF80200C73265 /* Event.swift */; };
		758357632091559A00A46C72 /* MetodosFavoritos.swift in Sources */ = {isa = PBXBuildFile; fileRef = 758357622091559A00A46C72 /* MetodosFavoritos.swift */; };
		8431708F208A62AB007A1935 /* EventKit.framework in Frameworks */ = {isa = PBXBuildFile; fileRef = 8431708E208A62AB007A1935 /* EventKit.framework */; };
		849F7D0520A0BFF100780E85 /* TutorialViewController.swift in Sources */ = {isa = PBXBuildFile; fileRef = 849F7D0420A0BFF100780E85 /* TutorialViewController.swift */; };
		849F7D0720A0C03B00780E85 /* Tutorial.MOV in Resources */ = {isa = PBXBuildFile; fileRef = 849F7D0620A0C03B00780E85 /* Tutorial.MOV */; };
		849F7D0D20A0DAE200780E85 /* CreditsViewController.swift in Sources */ = {isa = PBXBuildFile; fileRef = 849F7D0C20A0DAE200780E85 /* CreditsViewController.swift */; };
		84C1012F207B46450014E077 /* GoogleService-Info.plist in Resources */ = {isa = PBXBuildFile; fileRef = 84C1012E207B46450014E077 /* GoogleService-Info.plist */; };
		84C10131207BCE2B0014E077 /* FavoriteEventsCollectionViewController.swift in Sources */ = {isa = PBXBuildFile; fileRef = 84C10130207BCE2B0014E077 /* FavoriteEventsCollectionViewController.swift */; };
		F61D78EE205604DD00EA2644 /* AppDelegate.swift in Sources */ = {isa = PBXBuildFile; fileRef = F61D78ED205604DD00EA2644 /* AppDelegate.swift */; };
		F61D78F3205604DD00EA2644 /* Main.storyboard in Resources */ = {isa = PBXBuildFile; fileRef = F61D78F1205604DD00EA2644 /* Main.storyboard */; };
		F61D78F5205604DD00EA2644 /* Assets.xcassets in Resources */ = {isa = PBXBuildFile; fileRef = F61D78F4205604DD00EA2644 /* Assets.xcassets */; };
		F61D78F8205604DD00EA2644 /* LaunchScreen.storyboard in Resources */ = {isa = PBXBuildFile; fileRef = F61D78F6205604DD00EA2644 /* LaunchScreen.storyboard */; };
		F61D7903205604DD00EA2644 /* itesm_event_listingTests.swift in Sources */ = {isa = PBXBuildFile; fileRef = F61D7902205604DD00EA2644 /* itesm_event_listingTests.swift */; };
		F61D790E205604DD00EA2644 /* itesm_event_listingUITests.swift in Sources */ = {isa = PBXBuildFile; fileRef = F61D790D205604DD00EA2644 /* itesm_event_listingUITests.swift */; };
		F6372AF6207BEF8400749A40 /* EventsCollectionViewController.swift in Sources */ = {isa = PBXBuildFile; fileRef = F6372AF5207BEF8400749A40 /* EventsCollectionViewController.swift */; };
		F667BA872058B7550035E460 /* EventCollectionViewCell.swift in Sources */ = {isa = PBXBuildFile; fileRef = F667BA862058B7550035E460 /* EventCollectionViewCell.swift */; };
		F667BA892058BA930035E460 /* EventDetailsViewController.swift in Sources */ = {isa = PBXBuildFile; fileRef = F667BA882058BA930035E460 /* EventDetailsViewController.swift */; };
		F66E9D00209278FF00573698 /* DateParser.swift in Sources */ = {isa = PBXBuildFile; fileRef = F66E9CFF209278FE00573698 /* DateParser.swift */; };
		F67490E52058AFCE002F490E /* APIManager.swift in Sources */ = {isa = PBXBuildFile; fileRef = F67490E42058AFCE002F490E /* APIManager.swift */; };
		F6B29DC72089983700C77853 /* ContactInformation.swift in Sources */ = {isa = PBXBuildFile; fileRef = F6B29DC62089983700C77853 /* ContactInformation.swift */; };
/* End PBXBuildFile section */

/* Begin PBXContainerItemProxy section */
		F61D78FF205604DD00EA2644 /* PBXContainerItemProxy */ = {
			isa = PBXContainerItemProxy;
			containerPortal = F61D78E2205604DC00EA2644 /* Project object */;
			proxyType = 1;
			remoteGlobalIDString = F61D78E9205604DC00EA2644;
			remoteInfo = itesm_event_listing;
		};
		F61D790A205604DD00EA2644 /* PBXContainerItemProxy */ = {
			isa = PBXContainerItemProxy;
			containerPortal = F61D78E2205604DC00EA2644 /* Project object */;
			proxyType = 1;
			remoteGlobalIDString = F61D78E9205604DC00EA2644;
			remoteInfo = itesm_event_listing;
		};
/* End PBXContainerItemProxy section */

/* Begin PBXFileReference section */
		0E40FF0EAB284D845B741A9D /* Pods_itesm_event_listingUITests.framework */ = {isa = PBXFileReference; explicitFileType = wrapper.framework; includeInIndex = 0; path = Pods_itesm_event_listingUITests.framework; sourceTree = BUILT_PRODUCTS_DIR; };
		1FB3109C0DC8620F198BF57A /* Pods_itesm_event_listing.framework */ = {isa = PBXFileReference; explicitFileType = wrapper.framework; includeInIndex = 0; path = Pods_itesm_event_listing.framework; sourceTree = BUILT_PRODUCTS_DIR; };
		32B28ADA8246CCAE9495FDEF /* Pods-itesm_event_listingTests.debug.xcconfig */ = {isa = PBXFileReference; includeInIndex = 1; lastKnownFileType = text.xcconfig; name = "Pods-itesm_event_listingTests.debug.xcconfig"; path = "Pods/Target Support Files/Pods-itesm_event_listingTests/Pods-itesm_event_listingTests.debug.xcconfig"; sourceTree = "<group>"; };
		3BD5B650C4AC73FF33086C7A /* Pods-itesm_event_listingUITests.debug.xcconfig */ = {isa = PBXFileReference; includeInIndex = 1; lastKnownFileType = text.xcconfig; name = "Pods-itesm_event_listingUITests.debug.xcconfig"; path = "Pods/Target Support Files/Pods-itesm_event_listingUITests/Pods-itesm_event_listingUITests.debug.xcconfig"; sourceTree = "<group>"; };
		4E3C3B94F27A0E5D188E0139 /* Pods-itesm_event_listingUITests.release.xcconfig */ = {isa = PBXFileReference; includeInIndex = 1; lastKnownFileType = text.xcconfig; name = "Pods-itesm_event_listingUITests.release.xcconfig"; path = "Pods/Target Support Files/Pods-itesm_event_listingUITests/Pods-itesm_event_listingUITests.release.xcconfig"; sourceTree = "<group>"; };
		74AEB52661EA3FB3DC1452F6 /* Pods_itesm_event_listingTests.framework */ = {isa = PBXFileReference; explicitFileType = wrapper.framework; includeInIndex = 0; path = Pods_itesm_event_listingTests.framework; sourceTree = BUILT_PRODUCTS_DIR; };
		753EDD91207BF80200C73265 /* Event.swift */ = {isa = PBXFileReference; lastKnownFileType = sourcecode.swift; path = Event.swift; sourceTree = "<group>"; };
		758357622091559A00A46C72 /* MetodosFavoritos.swift */ = {isa = PBXFileReference; lastKnownFileType = sourcecode.swift; path = MetodosFavoritos.swift; sourceTree = "<group>"; };
		8431708E208A62AB007A1935 /* EventKit.framework */ = {isa = PBXFileReference; lastKnownFileType = wrapper.framework; name = EventKit.framework; path = System/Library/Frameworks/EventKit.framework; sourceTree = SDKROOT; };
		849F7D0420A0BFF100780E85 /* TutorialViewController.swift */ = {isa = PBXFileReference; lastKnownFileType = sourcecode.swift; path = TutorialViewController.swift; sourceTree = "<group>"; };
		849F7D0620A0C03B00780E85 /* Tutorial.MOV */ = {isa = PBXFileReference; lastKnownFileType = video.quicktime; path = Tutorial.MOV; sourceTree = "<group>"; };
		849F7D0C20A0DAE200780E85 /* CreditsViewController.swift */ = {isa = PBXFileReference; lastKnownFileType = sourcecode.swift; path = CreditsViewController.swift; sourceTree = "<group>"; };
		84C1012E207B46450014E077 /* GoogleService-Info.plist */ = {isa = PBXFileReference; fileEncoding = 4; lastKnownFileType = text.plist.xml; path = "GoogleService-Info.plist"; sourceTree = "<group>"; };
		84C10130207BCE2B0014E077 /* FavoriteEventsCollectionViewController.swift */ = {isa = PBXFileReference; lastKnownFileType = sourcecode.swift; path = FavoriteEventsCollectionViewController.swift; sourceTree = "<group>"; };
		95D854729F2E8104A0E226ED /* Pods-itesm_event_listing.debug.xcconfig */ = {isa = PBXFileReference; includeInIndex = 1; lastKnownFileType = text.xcconfig; name = "Pods-itesm_event_listing.debug.xcconfig"; path = "Pods/Target Support Files/Pods-itesm_event_listing/Pods-itesm_event_listing.debug.xcconfig"; sourceTree = "<group>"; };
		C62E8586F6FF9561BCEE33A5 /* Pods-itesm_event_listingTests.release.xcconfig */ = {isa = PBXFileReference; includeInIndex = 1; lastKnownFileType = text.xcconfig; name = "Pods-itesm_event_listingTests.release.xcconfig"; path = "Pods/Target Support Files/Pods-itesm_event_listingTests/Pods-itesm_event_listingTests.release.xcconfig"; sourceTree = "<group>"; };
		EA31740ECC6EAA7D41D644BC /* Pods-itesm_event_listing.release.xcconfig */ = {isa = PBXFileReference; includeInIndex = 1; lastKnownFileType = text.xcconfig; name = "Pods-itesm_event_listing.release.xcconfig"; path = "Pods/Target Support Files/Pods-itesm_event_listing/Pods-itesm_event_listing.release.xcconfig"; sourceTree = "<group>"; };
		F61D78EA205604DD00EA2644 /* itesm_event_listing.app */ = {isa = PBXFileReference; explicitFileType = wrapper.application; includeInIndex = 0; path = itesm_event_listing.app; sourceTree = BUILT_PRODUCTS_DIR; };
		F61D78ED205604DD00EA2644 /* AppDelegate.swift */ = {isa = PBXFileReference; lastKnownFileType = sourcecode.swift; path = AppDelegate.swift; sourceTree = "<group>"; };
		F61D78F2205604DD00EA2644 /* Base */ = {isa = PBXFileReference; lastKnownFileType = file.storyboard; name = Base; path = Base.lproj/Main.storyboard; sourceTree = "<group>"; };
		F61D78F4205604DD00EA2644 /* Assets.xcassets */ = {isa = PBXFileReference; lastKnownFileType = folder.assetcatalog; path = Assets.xcassets; sourceTree = "<group>"; };
		F61D78F7205604DD00EA2644 /* Base */ = {isa = PBXFileReference; lastKnownFileType = file.storyboard; name = Base; path = Base.lproj/LaunchScreen.storyboard; sourceTree = "<group>"; };
		F61D78F9205604DD00EA2644 /* Info.plist */ = {isa = PBXFileReference; lastKnownFileType = text.plist.xml; path = Info.plist; sourceTree = "<group>"; };
		F61D78FE205604DD00EA2644 /* itesm_event_listingTests.xctest */ = {isa = PBXFileReference; explicitFileType = wrapper.cfbundle; includeInIndex = 0; path = itesm_event_listingTests.xctest; sourceTree = BUILT_PRODUCTS_DIR; };
		F61D7902205604DD00EA2644 /* itesm_event_listingTests.swift */ = {isa = PBXFileReference; lastKnownFileType = sourcecode.swift; path = itesm_event_listingTests.swift; sourceTree = "<group>"; };
		F61D7904205604DD00EA2644 /* Info.plist */ = {isa = PBXFileReference; lastKnownFileType = text.plist.xml; path = Info.plist; sourceTree = "<group>"; };
		F61D7909205604DD00EA2644 /* itesm_event_listingUITests.xctest */ = {isa = PBXFileReference; explicitFileType = wrapper.cfbundle; includeInIndex = 0; path = itesm_event_listingUITests.xctest; sourceTree = BUILT_PRODUCTS_DIR; };
		F61D790D205604DD00EA2644 /* itesm_event_listingUITests.swift */ = {isa = PBXFileReference; lastKnownFileType = sourcecode.swift; path = itesm_event_listingUITests.swift; sourceTree = "<group>"; };
		F61D790F205604DD00EA2644 /* Info.plist */ = {isa = PBXFileReference; lastKnownFileType = text.plist.xml; path = Info.plist; sourceTree = "<group>"; };
		F6372AF5207BEF8400749A40 /* EventsCollectionViewController.swift */ = {isa = PBXFileReference; lastKnownFileType = sourcecode.swift; path = EventsCollectionViewController.swift; sourceTree = "<group>"; };
		F667BA862058B7550035E460 /* EventCollectionViewCell.swift */ = {isa = PBXFileReference; lastKnownFileType = sourcecode.swift; path = EventCollectionViewCell.swift; sourceTree = "<group>"; };
		F667BA882058BA930035E460 /* EventDetailsViewController.swift */ = {isa = PBXFileReference; lastKnownFileType = sourcecode.swift; path = EventDetailsViewController.swift; sourceTree = "<group>"; };
		F66E9CFF209278FE00573698 /* DateParser.swift */ = {isa = PBXFileReference; fileEncoding = 4; lastKnownFileType = sourcecode.swift; path = DateParser.swift; sourceTree = "<group>"; };
		F67490E42058AFCE002F490E /* APIManager.swift */ = {isa = PBXFileReference; lastKnownFileType = sourcecode.swift; path = APIManager.swift; sourceTree = "<group>"; };
		F6B29DC62089983700C77853 /* ContactInformation.swift */ = {isa = PBXFileReference; lastKnownFileType = sourcecode.swift; path = ContactInformation.swift; sourceTree = "<group>"; };
		F6E546072059CF76000DFD5E /* itesm_event_listing.entitlements */ = {isa = PBXFileReference; lastKnownFileType = text.plist.entitlements; path = itesm_event_listing.entitlements; sourceTree = "<group>"; };
/* End PBXFileReference section */

/* Begin PBXFrameworksBuildPhase section */
		F61D78E7205604DC00EA2644 /* Frameworks */ = {
			isa = PBXFrameworksBuildPhase;
			buildActionMask = 2147483647;
			files = (
				8431708F208A62AB007A1935 /* EventKit.framework in Frameworks */,
				5371C78804EE583B24766BDB /* Pods_itesm_event_listing.framework in Frameworks */,
			);
			runOnlyForDeploymentPostprocessing = 0;
		};
		F61D78FB205604DD00EA2644 /* Frameworks */ = {
			isa = PBXFrameworksBuildPhase;
			buildActionMask = 2147483647;
			files = (
				6991AC1B1CE7F71922ACE000 /* Pods_itesm_event_listingTests.framework in Frameworks */,
			);
			runOnlyForDeploymentPostprocessing = 0;
		};
		F61D7906205604DD00EA2644 /* Frameworks */ = {
			isa = PBXFrameworksBuildPhase;
			buildActionMask = 2147483647;
			files = (
				740ECE954B56634691F3508F /* Pods_itesm_event_listingUITests.framework in Frameworks */,
			);
			runOnlyForDeploymentPostprocessing = 0;
		};
/* End PBXFrameworksBuildPhase section */

/* Begin PBXGroup section */
		269508A64515E37FB687DE97 /* Pods */ = {
			isa = PBXGroup;
			children = (
				95D854729F2E8104A0E226ED /* Pods-itesm_event_listing.debug.xcconfig */,
				EA31740ECC6EAA7D41D644BC /* Pods-itesm_event_listing.release.xcconfig */,
				32B28ADA8246CCAE9495FDEF /* Pods-itesm_event_listingTests.debug.xcconfig */,
				C62E8586F6FF9561BCEE33A5 /* Pods-itesm_event_listingTests.release.xcconfig */,
				3BD5B650C4AC73FF33086C7A /* Pods-itesm_event_listingUITests.debug.xcconfig */,
				4E3C3B94F27A0E5D188E0139 /* Pods-itesm_event_listingUITests.release.xcconfig */,
			);
			name = Pods;
			sourceTree = "<group>";
		};
		D8B3E6B8D6C6C9E8660E43F1 /* Frameworks */ = {
			isa = PBXGroup;
			children = (
				8431708E208A62AB007A1935 /* EventKit.framework */,
				1FB3109C0DC8620F198BF57A /* Pods_itesm_event_listing.framework */,
				74AEB52661EA3FB3DC1452F6 /* Pods_itesm_event_listingTests.framework */,
				0E40FF0EAB284D845B741A9D /* Pods_itesm_event_listingUITests.framework */,
			);
			name = Frameworks;
			sourceTree = "<group>";
		};
		F61D78E1205604DC00EA2644 = {
			isa = PBXGroup;
			children = (
				F61D78EC205604DD00EA2644 /* itesm_event_listing */,
				F61D7901205604DD00EA2644 /* itesm_event_listingTests */,
				F61D790C205604DD00EA2644 /* itesm_event_listingUITests */,
				F61D78EB205604DD00EA2644 /* Products */,
				269508A64515E37FB687DE97 /* Pods */,
				D8B3E6B8D6C6C9E8660E43F1 /* Frameworks */,
			);
			sourceTree = "<group>";
		};
		F61D78EB205604DD00EA2644 /* Products */ = {
			isa = PBXGroup;
			children = (
				F61D78EA205604DD00EA2644 /* itesm_event_listing.app */,
				F61D78FE205604DD00EA2644 /* itesm_event_listingTests.xctest */,
				F61D7909205604DD00EA2644 /* itesm_event_listingUITests.xctest */,
			);
			name = Products;
			sourceTree = "<group>";
		};
		F61D78EC205604DD00EA2644 /* itesm_event_listing */ = {
			isa = PBXGroup;
			children = (
				849F7D0620A0C03B00780E85 /* Tutorial.MOV */,
				F66E9CFF209278FE00573698 /* DateParser.swift */,
				84C1012E207B46450014E077 /* GoogleService-Info.plist */,
				753EDD91207BF80200C73265 /* Event.swift */,
				F6E546072059CF76000DFD5E /* itesm_event_listing.entitlements */,
				F667BA862058B7550035E460 /* EventCollectionViewCell.swift */,
				F667BA882058BA930035E460 /* EventDetailsViewController.swift */,
				F6372AF5207BEF8400749A40 /* EventsCollectionViewController.swift */,
				84C10130207BCE2B0014E077 /* FavoriteEventsCollectionViewController.swift */,
				758357622091559A00A46C72 /* MetodosFavoritos.swift */,
				F61D78ED205604DD00EA2644 /* AppDelegate.swift */,
				F61D78F1205604DD00EA2644 /* Main.storyboard */,
				F61D78F4205604DD00EA2644 /* Assets.xcassets */,
				F61D78F6205604DD00EA2644 /* LaunchScreen.storyboard */,
				F61D78F9205604DD00EA2644 /* Info.plist */,
				F67490E42058AFCE002F490E /* APIManager.swift */,
				F6B29DC62089983700C77853 /* ContactInformation.swift */,
				849F7D0420A0BFF100780E85 /* TutorialViewController.swift */,
				849F7D0C20A0DAE200780E85 /* CreditsViewController.swift */,
			);
			path = itesm_event_listing;
			sourceTree = "<group>";
		};
		F61D7901205604DD00EA2644 /* itesm_event_listingTests */ = {
			isa = PBXGroup;
			children = (
				F61D7902205604DD00EA2644 /* itesm_event_listingTests.swift */,
				F61D7904205604DD00EA2644 /* Info.plist */,
			);
			path = itesm_event_listingTests;
			sourceTree = "<group>";
		};
		F61D790C205604DD00EA2644 /* itesm_event_listingUITests */ = {
			isa = PBXGroup;
			children = (
				F61D790D205604DD00EA2644 /* itesm_event_listingUITests.swift */,
				F61D790F205604DD00EA2644 /* Info.plist */,
			);
			path = itesm_event_listingUITests;
			sourceTree = "<group>";
		};
/* End PBXGroup section */

/* Begin PBXNativeTarget section */
		F61D78E9205604DC00EA2644 /* itesm_event_listing */ = {
			isa = PBXNativeTarget;
			buildConfigurationList = F61D7912205604DD00EA2644 /* Build configuration list for PBXNativeTarget "itesm_event_listing" */;
			buildPhases = (
				40A7A7D302C466C749D4EA41 /* [CP] Check Pods Manifest.lock */,
				F61D78E6205604DC00EA2644 /* Sources */,
				F61D78E7205604DC00EA2644 /* Frameworks */,
				F61D78E8205604DC00EA2644 /* Resources */,
				92ACE0A509150E08A9234675 /* [CP] Embed Pods Frameworks */,
				32708071E6858B0DEF1D46F1 /* [CP] Copy Pods Resources */,
			);
			buildRules = (
			);
			dependencies = (
			);
			name = itesm_event_listing;
			productName = itesm_event_listing;
			productReference = F61D78EA205604DD00EA2644 /* itesm_event_listing.app */;
			productType = "com.apple.product-type.application";
		};
		F61D78FD205604DD00EA2644 /* itesm_event_listingTests */ = {
			isa = PBXNativeTarget;
			buildConfigurationList = F61D7915205604DD00EA2644 /* Build configuration list for PBXNativeTarget "itesm_event_listingTests" */;
			buildPhases = (
				5C59AE85149323CB6A3F8D10 /* [CP] Check Pods Manifest.lock */,
				F61D78FA205604DD00EA2644 /* Sources */,
				F61D78FB205604DD00EA2644 /* Frameworks */,
				F61D78FC205604DD00EA2644 /* Resources */,
				174164747A6D8C96B85788F0 /* [CP] Embed Pods Frameworks */,
				48E1CBE659F23963D20F1D5E /* [CP] Copy Pods Resources */,
			);
			buildRules = (
			);
			dependencies = (
				F61D7900205604DD00EA2644 /* PBXTargetDependency */,
			);
			name = itesm_event_listingTests;
			productName = itesm_event_listingTests;
			productReference = F61D78FE205604DD00EA2644 /* itesm_event_listingTests.xctest */;
			productType = "com.apple.product-type.bundle.unit-test";
		};
		F61D7908205604DD00EA2644 /* itesm_event_listingUITests */ = {
			isa = PBXNativeTarget;
			buildConfigurationList = F61D7918205604DD00EA2644 /* Build configuration list for PBXNativeTarget "itesm_event_listingUITests" */;
			buildPhases = (
				1BE0D0CD7016F697AE39C0F5 /* [CP] Check Pods Manifest.lock */,
				F61D7905205604DD00EA2644 /* Sources */,
				F61D7906205604DD00EA2644 /* Frameworks */,
				F61D7907205604DD00EA2644 /* Resources */,
				138BF456B826C9A8D2864205 /* [CP] Embed Pods Frameworks */,
				F6CC27AF457CC2F50D4353B9 /* [CP] Copy Pods Resources */,
			);
			buildRules = (
			);
			dependencies = (
				F61D790B205604DD00EA2644 /* PBXTargetDependency */,
			);
			name = itesm_event_listingUITests;
			productName = itesm_event_listingUITests;
			productReference = F61D7909205604DD00EA2644 /* itesm_event_listingUITests.xctest */;
			productType = "com.apple.product-type.bundle.ui-testing";
		};
/* End PBXNativeTarget section */

/* Begin PBXProject section */
		F61D78E2205604DC00EA2644 /* Project object */ = {
			isa = PBXProject;
			attributes = {
				LastSwiftUpdateCheck = 0920;
				LastUpgradeCheck = 0920;
				ORGANIZATIONNAME = "Rene Garcia Saenz";
				TargetAttributes = {
					F61D78E9205604DC00EA2644 = {
						CreatedOnToolsVersion = 9.2;
						ProvisioningStyle = Automatic;
						SystemCapabilities = {
							com.apple.Keychain = {
								enabled = 1;
							};
						};
					};
					F61D78FD205604DD00EA2644 = {
						CreatedOnToolsVersion = 9.2;
						ProvisioningStyle = Automatic;
						TestTargetID = F61D78E9205604DC00EA2644;
					};
					F61D7908205604DD00EA2644 = {
						CreatedOnToolsVersion = 9.2;
						ProvisioningStyle = Automatic;
						TestTargetID = F61D78E9205604DC00EA2644;
					};
				};
			};
			buildConfigurationList = F61D78E5205604DC00EA2644 /* Build configuration list for PBXProject "itesm_event_listing" */;
			compatibilityVersion = "Xcode 8.0";
			developmentRegion = en;
			hasScannedForEncodings = 0;
			knownRegions = (
				en,
				Base,
			);
			mainGroup = F61D78E1205604DC00EA2644;
			productRefGroup = F61D78EB205604DD00EA2644 /* Products */;
			projectDirPath = "";
			projectRoot = "";
			targets = (
				F61D78E9205604DC00EA2644 /* itesm_event_listing */,
				F61D78FD205604DD00EA2644 /* itesm_event_listingTests */,
				F61D7908205604DD00EA2644 /* itesm_event_listingUITests */,
			);
		};
/* End PBXProject section */

/* Begin PBXResourcesBuildPhase section */
		F61D78E8205604DC00EA2644 /* Resources */ = {
			isa = PBXResourcesBuildPhase;
			buildActionMask = 2147483647;
			files = (
				F61D78F8205604DD00EA2644 /* LaunchScreen.storyboard in Resources */,
				849F7D0720A0C03B00780E85 /* Tutorial.MOV in Resources */,
				84C1012F207B46450014E077 /* GoogleService-Info.plist in Resources */,
				F61D78F5205604DD00EA2644 /* Assets.xcassets in Resources */,
				F61D78F3205604DD00EA2644 /* Main.storyboard in Resources */,
			);
			runOnlyForDeploymentPostprocessing = 0;
		};
		F61D78FC205604DD00EA2644 /* Resources */ = {
			isa = PBXResourcesBuildPhase;
			buildActionMask = 2147483647;
			files = (
			);
			runOnlyForDeploymentPostprocessing = 0;
		};
		F61D7907205604DD00EA2644 /* Resources */ = {
			isa = PBXResourcesBuildPhase;
			buildActionMask = 2147483647;
			files = (
			);
			runOnlyForDeploymentPostprocessing = 0;
		};
/* End PBXResourcesBuildPhase section */

/* Begin PBXShellScriptBuildPhase section */
		138BF456B826C9A8D2864205 /* [CP] Embed Pods Frameworks */ = {
			isa = PBXShellScriptBuildPhase;
			buildActionMask = 2147483647;
			files = (
			);
			inputPaths = (
			);
			name = "[CP] Embed Pods Frameworks";
			outputPaths = (
			);
			runOnlyForDeploymentPostprocessing = 0;
			shellPath = /bin/sh;
			shellScript = "\"${SRCROOT}/Pods/Target Support Files/Pods-itesm_event_listingUITests/Pods-itesm_event_listingUITests-frameworks.sh\"\n";
			showEnvVarsInLog = 0;
		};
		174164747A6D8C96B85788F0 /* [CP] Embed Pods Frameworks */ = {
			isa = PBXShellScriptBuildPhase;
			buildActionMask = 2147483647;
			files = (
			);
			inputPaths = (
			);
			name = "[CP] Embed Pods Frameworks";
			outputPaths = (
			);
			runOnlyForDeploymentPostprocessing = 0;
			shellPath = /bin/sh;
			shellScript = "\"${SRCROOT}/Pods/Target Support Files/Pods-itesm_event_listingTests/Pods-itesm_event_listingTests-frameworks.sh\"\n";
			showEnvVarsInLog = 0;
		};
		1BE0D0CD7016F697AE39C0F5 /* [CP] Check Pods Manifest.lock */ = {
			isa = PBXShellScriptBuildPhase;
			buildActionMask = 2147483647;
			files = (
			);
			inputPaths = (
				"${PODS_PODFILE_DIR_PATH}/Podfile.lock",
				"${PODS_ROOT}/Manifest.lock",
			);
			name = "[CP] Check Pods Manifest.lock";
			outputPaths = (
				"$(DERIVED_FILE_DIR)/Pods-itesm_event_listingUITests-checkManifestLockResult.txt",
			);
			runOnlyForDeploymentPostprocessing = 0;
			shellPath = /bin/sh;
			shellScript = "diff \"${PODS_PODFILE_DIR_PATH}/Podfile.lock\" \"${PODS_ROOT}/Manifest.lock\" > /dev/null\nif [ $? != 0 ] ; then\n    # print error to STDERR\n    echo \"error: The sandbox is not in sync with the Podfile.lock. Run 'pod install' or update your CocoaPods installation.\" >&2\n    exit 1\nfi\n# This output is used by Xcode 'outputs' to avoid re-running this script phase.\necho \"SUCCESS\" > \"${SCRIPT_OUTPUT_FILE_0}\"\n";
			showEnvVarsInLog = 0;
		};
		32708071E6858B0DEF1D46F1 /* [CP] Copy Pods Resources */ = {
			isa = PBXShellScriptBuildPhase;
			buildActionMask = 2147483647;
			files = (
			);
			inputPaths = (
				"${SRCROOT}/Pods/Target Support Files/Pods-itesm_event_listing/Pods-itesm_event_listing-resources.sh",
				"${PODS_ROOT}/GoogleSignIn/Resources/GoogleSignIn.bundle",
			);
			name = "[CP] Copy Pods Resources";
			outputPaths = (
				"${TARGET_BUILD_DIR}/${UNLOCALIZED_RESOURCES_FOLDER_PATH}/GoogleSignIn.bundle",
			);
			runOnlyForDeploymentPostprocessing = 0;
			shellPath = /bin/sh;
			shellScript = "\"${SRCROOT}/Pods/Target Support Files/Pods-itesm_event_listing/Pods-itesm_event_listing-resources.sh\"\n";
			showEnvVarsInLog = 0;
		};
		40A7A7D302C466C749D4EA41 /* [CP] Check Pods Manifest.lock */ = {
			isa = PBXShellScriptBuildPhase;
			buildActionMask = 2147483647;
			files = (
			);
			inputPaths = (
				"${PODS_PODFILE_DIR_PATH}/Podfile.lock",
				"${PODS_ROOT}/Manifest.lock",
			);
			name = "[CP] Check Pods Manifest.lock";
			outputPaths = (
				"$(DERIVED_FILE_DIR)/Pods-itesm_event_listing-checkManifestLockResult.txt",
			);
			runOnlyForDeploymentPostprocessing = 0;
			shellPath = /bin/sh;
			shellScript = "diff \"${PODS_PODFILE_DIR_PATH}/Podfile.lock\" \"${PODS_ROOT}/Manifest.lock\" > /dev/null\nif [ $? != 0 ] ; then\n    # print error to STDERR\n    echo \"error: The sandbox is not in sync with the Podfile.lock. Run 'pod install' or update your CocoaPods installation.\" >&2\n    exit 1\nfi\n# This output is used by Xcode 'outputs' to avoid re-running this script phase.\necho \"SUCCESS\" > \"${SCRIPT_OUTPUT_FILE_0}\"\n";
			showEnvVarsInLog = 0;
		};
		48E1CBE659F23963D20F1D5E /* [CP] Copy Pods Resources */ = {
			isa = PBXShellScriptBuildPhase;
			buildActionMask = 2147483647;
			files = (
			);
			inputPaths = (
			);
			name = "[CP] Copy Pods Resources";
			outputPaths = (
			);
			runOnlyForDeploymentPostprocessing = 0;
			shellPath = /bin/sh;
			shellScript = "\"${SRCROOT}/Pods/Target Support Files/Pods-itesm_event_listingTests/Pods-itesm_event_listingTests-resources.sh\"\n";
			showEnvVarsInLog = 0;
		};
		5C59AE85149323CB6A3F8D10 /* [CP] Check Pods Manifest.lock */ = {
			isa = PBXShellScriptBuildPhase;
			buildActionMask = 2147483647;
			files = (
			);
			inputPaths = (
				"${PODS_PODFILE_DIR_PATH}/Podfile.lock",
				"${PODS_ROOT}/Manifest.lock",
			);
			name = "[CP] Check Pods Manifest.lock";
			outputPaths = (
				"$(DERIVED_FILE_DIR)/Pods-itesm_event_listingTests-checkManifestLockResult.txt",
			);
			runOnlyForDeploymentPostprocessing = 0;
			shellPath = /bin/sh;
			shellScript = "diff \"${PODS_PODFILE_DIR_PATH}/Podfile.lock\" \"${PODS_ROOT}/Manifest.lock\" > /dev/null\nif [ $? != 0 ] ; then\n    # print error to STDERR\n    echo \"error: The sandbox is not in sync with the Podfile.lock. Run 'pod install' or update your CocoaPods installation.\" >&2\n    exit 1\nfi\n# This output is used by Xcode 'outputs' to avoid re-running this script phase.\necho \"SUCCESS\" > \"${SCRIPT_OUTPUT_FILE_0}\"\n";
			showEnvVarsInLog = 0;
		};
		92ACE0A509150E08A9234675 /* [CP] Embed Pods Frameworks */ = {
			isa = PBXShellScriptBuildPhase;
			buildActionMask = 2147483647;
			files = (
			);
			inputPaths = (
				"${SRCROOT}/Pods/Target Support Files/Pods-itesm_event_listing/Pods-itesm_event_listing-frameworks.sh",
				"${BUILT_PRODUCTS_DIR}/Alamofire/Alamofire.framework",
				"${BUILT_PRODUCTS_DIR}/AlamofireImage/AlamofireImage.framework",
				"${BUILT_PRODUCTS_DIR}/GTMOAuth2/GTMOAuth2.framework",
				"${BUILT_PRODUCTS_DIR}/GTMSessionFetcher/GTMSessionFetcher.framework",
				"${BUILT_PRODUCTS_DIR}/GoogleAPIClientForREST/GoogleAPIClientForREST.framework",
				"${BUILT_PRODUCTS_DIR}/GoogleToolboxForMac/GoogleToolboxForMac.framework",
			);
			name = "[CP] Embed Pods Frameworks";
			outputPaths = (
				"${TARGET_BUILD_DIR}/${FRAMEWORKS_FOLDER_PATH}/Alamofire.framework",
				"${TARGET_BUILD_DIR}/${FRAMEWORKS_FOLDER_PATH}/AlamofireImage.framework",
				"${TARGET_BUILD_DIR}/${FRAMEWORKS_FOLDER_PATH}/GTMOAuth2.framework",
				"${TARGET_BUILD_DIR}/${FRAMEWORKS_FOLDER_PATH}/GTMSessionFetcher.framework",
				"${TARGET_BUILD_DIR}/${FRAMEWORKS_FOLDER_PATH}/GoogleAPIClientForREST.framework",
				"${TARGET_BUILD_DIR}/${FRAMEWORKS_FOLDER_PATH}/GoogleToolboxForMac.framework",
			);
			runOnlyForDeploymentPostprocessing = 0;
			shellPath = /bin/sh;
			shellScript = "\"${SRCROOT}/Pods/Target Support Files/Pods-itesm_event_listing/Pods-itesm_event_listing-frameworks.sh\"\n";
			showEnvVarsInLog = 0;
		};
		F6CC27AF457CC2F50D4353B9 /* [CP] Copy Pods Resources */ = {
			isa = PBXShellScriptBuildPhase;
			buildActionMask = 2147483647;
			files = (
			);
			inputPaths = (
			);
			name = "[CP] Copy Pods Resources";
			outputPaths = (
			);
			runOnlyForDeploymentPostprocessing = 0;
			shellPath = /bin/sh;
			shellScript = "\"${SRCROOT}/Pods/Target Support Files/Pods-itesm_event_listingUITests/Pods-itesm_event_listingUITests-resources.sh\"\n";
			showEnvVarsInLog = 0;
		};
/* End PBXShellScriptBuildPhase section */

/* Begin PBXSourcesBuildPhase section */
		F61D78E6205604DC00EA2644 /* Sources */ = {
			isa = PBXSourcesBuildPhase;
			buildActionMask = 2147483647;
			files = (
				F667BA892058BA930035E460 /* EventDetailsViewController.swift in Sources */,
				F67490E52058AFCE002F490E /* APIManager.swift in Sources */,
				849F7D0520A0BFF100780E85 /* TutorialViewController.swift in Sources */,
				758357632091559A00A46C72 /* MetodosFavoritos.swift in Sources */,
				F6372AF6207BEF8400749A40 /* EventsCollectionViewController.swift in Sources */,
				84C10131207BCE2B0014E077 /* FavoriteEventsCollectionViewController.swift in Sources */,
				F667BA872058B7550035E460 /* EventCollectionViewCell.swift in Sources */,
				849F7D0D20A0DAE200780E85 /* CreditsViewController.swift in Sources */,
				F6B29DC72089983700C77853 /* ContactInformation.swift in Sources */,
				753EDD92207BF80200C73265 /* Event.swift in Sources */,
				F66E9D00209278FF00573698 /* DateParser.swift in Sources */,
				F61D78EE205604DD00EA2644 /* AppDelegate.swift in Sources */,
			);
			runOnlyForDeploymentPostprocessing = 0;
		};
		F61D78FA205604DD00EA2644 /* Sources */ = {
			isa = PBXSourcesBuildPhase;
			buildActionMask = 2147483647;
			files = (
				F61D7903205604DD00EA2644 /* itesm_event_listingTests.swift in Sources */,
			);
			runOnlyForDeploymentPostprocessing = 0;
		};
		F61D7905205604DD00EA2644 /* Sources */ = {
			isa = PBXSourcesBuildPhase;
			buildActionMask = 2147483647;
			files = (
				F61D790E205604DD00EA2644 /* itesm_event_listingUITests.swift in Sources */,
			);
			runOnlyForDeploymentPostprocessing = 0;
		};
/* End PBXSourcesBuildPhase section */

/* Begin PBXTargetDependency section */
		F61D7900205604DD00EA2644 /* PBXTargetDependency */ = {
			isa = PBXTargetDependency;
			target = F61D78E9205604DC00EA2644 /* itesm_event_listing */;
			targetProxy = F61D78FF205604DD00EA2644 /* PBXContainerItemProxy */;
		};
		F61D790B205604DD00EA2644 /* PBXTargetDependency */ = {
			isa = PBXTargetDependency;
			target = F61D78E9205604DC00EA2644 /* itesm_event_listing */;
			targetProxy = F61D790A205604DD00EA2644 /* PBXContainerItemProxy */;
		};
/* End PBXTargetDependency section */

/* Begin PBXVariantGroup section */
		F61D78F1205604DD00EA2644 /* Main.storyboard */ = {
			isa = PBXVariantGroup;
			children = (
				F61D78F2205604DD00EA2644 /* Base */,
			);
			name = Main.storyboard;
			sourceTree = "<group>";
		};
		F61D78F6205604DD00EA2644 /* LaunchScreen.storyboard */ = {
			isa = PBXVariantGroup;
			children = (
				F61D78F7205604DD00EA2644 /* Base */,
			);
			name = LaunchScreen.storyboard;
			sourceTree = "<group>";
		};
/* End PBXVariantGroup section */

/* Begin XCBuildConfiguration section */
		F61D7910205604DD00EA2644 /* Debug */ = {
			isa = XCBuildConfiguration;
			buildSettings = {
				ALWAYS_SEARCH_USER_PATHS = NO;
				CLANG_ANALYZER_NONNULL = YES;
				CLANG_ANALYZER_NUMBER_OBJECT_CONVERSION = YES_AGGRESSIVE;
				CLANG_CXX_LANGUAGE_STANDARD = "gnu++14";
				CLANG_CXX_LIBRARY = "libc++";
				CLANG_ENABLE_MODULES = YES;
				CLANG_ENABLE_OBJC_ARC = YES;
				CLANG_WARN_BLOCK_CAPTURE_AUTORELEASING = YES;
				CLANG_WARN_BOOL_CONVERSION = YES;
				CLANG_WARN_COMMA = YES;
				CLANG_WARN_CONSTANT_CONVERSION = YES;
				CLANG_WARN_DIRECT_OBJC_ISA_USAGE = YES_ERROR;
				CLANG_WARN_DOCUMENTATION_COMMENTS = YES;
				CLANG_WARN_EMPTY_BODY = YES;
				CLANG_WARN_ENUM_CONVERSION = YES;
				CLANG_WARN_INFINITE_RECURSION = YES;
				CLANG_WARN_INT_CONVERSION = YES;
				CLANG_WARN_NON_LITERAL_NULL_CONVERSION = YES;
				CLANG_WARN_OBJC_LITERAL_CONVERSION = YES;
				CLANG_WARN_OBJC_ROOT_CLASS = YES_ERROR;
				CLANG_WARN_RANGE_LOOP_ANALYSIS = YES;
				CLANG_WARN_STRICT_PROTOTYPES = YES;
				CLANG_WARN_SUSPICIOUS_MOVE = YES;
				CLANG_WARN_UNGUARDED_AVAILABILITY = YES_AGGRESSIVE;
				CLANG_WARN_UNREACHABLE_CODE = YES;
				CLANG_WARN__DUPLICATE_METHOD_MATCH = YES;
				CODE_SIGN_IDENTITY = "iPhone Developer";
				COPY_PHASE_STRIP = NO;
				DEBUG_INFORMATION_FORMAT = dwarf;
				ENABLE_STRICT_OBJC_MSGSEND = YES;
				ENABLE_TESTABILITY = YES;
				GCC_C_LANGUAGE_STANDARD = gnu11;
				GCC_DYNAMIC_NO_PIC = NO;
				GCC_NO_COMMON_BLOCKS = YES;
				GCC_OPTIMIZATION_LEVEL = 0;
				GCC_PREPROCESSOR_DEFINITIONS = (
					"DEBUG=1",
					"$(inherited)",
				);
				GCC_WARN_64_TO_32_BIT_CONVERSION = YES;
				GCC_WARN_ABOUT_RETURN_TYPE = YES_ERROR;
				GCC_WARN_UNDECLARED_SELECTOR = YES;
				GCC_WARN_UNINITIALIZED_AUTOS = YES_AGGRESSIVE;
				GCC_WARN_UNUSED_FUNCTION = YES;
				GCC_WARN_UNUSED_VARIABLE = YES;
				IPHONEOS_DEPLOYMENT_TARGET = 11.2;
				MTL_ENABLE_DEBUG_INFO = YES;
				ONLY_ACTIVE_ARCH = YES;
				SDKROOT = iphoneos;
				SWIFT_ACTIVE_COMPILATION_CONDITIONS = DEBUG;
				SWIFT_OPTIMIZATION_LEVEL = "-Onone";
			};
			name = Debug;
		};
		F61D7911205604DD00EA2644 /* Release */ = {
			isa = XCBuildConfiguration;
			buildSettings = {
				ALWAYS_SEARCH_USER_PATHS = NO;
				CLANG_ANALYZER_NONNULL = YES;
				CLANG_ANALYZER_NUMBER_OBJECT_CONVERSION = YES_AGGRESSIVE;
				CLANG_CXX_LANGUAGE_STANDARD = "gnu++14";
				CLANG_CXX_LIBRARY = "libc++";
				CLANG_ENABLE_MODULES = YES;
				CLANG_ENABLE_OBJC_ARC = YES;
				CLANG_WARN_BLOCK_CAPTURE_AUTORELEASING = YES;
				CLANG_WARN_BOOL_CONVERSION = YES;
				CLANG_WARN_COMMA = YES;
				CLANG_WARN_CONSTANT_CONVERSION = YES;
				CLANG_WARN_DIRECT_OBJC_ISA_USAGE = YES_ERROR;
				CLANG_WARN_DOCUMENTATION_COMMENTS = YES;
				CLANG_WARN_EMPTY_BODY = YES;
				CLANG_WARN_ENUM_CONVERSION = YES;
				CLANG_WARN_INFINITE_RECURSION = YES;
				CLANG_WARN_INT_CONVERSION = YES;
				CLANG_WARN_NON_LITERAL_NULL_CONVERSION = YES;
				CLANG_WARN_OBJC_LITERAL_CONVERSION = YES;
				CLANG_WARN_OBJC_ROOT_CLASS = YES_ERROR;
				CLANG_WARN_RANGE_LOOP_ANALYSIS = YES;
				CLANG_WARN_STRICT_PROTOTYPES = YES;
				CLANG_WARN_SUSPICIOUS_MOVE = YES;
				CLANG_WARN_UNGUARDED_AVAILABILITY = YES_AGGRESSIVE;
				CLANG_WARN_UNREACHABLE_CODE = YES;
				CLANG_WARN__DUPLICATE_METHOD_MATCH = YES;
				CODE_SIGN_IDENTITY = "iPhone Developer";
				COPY_PHASE_STRIP = NO;
				DEBUG_INFORMATION_FORMAT = "dwarf-with-dsym";
				ENABLE_NS_ASSERTIONS = NO;
				ENABLE_STRICT_OBJC_MSGSEND = YES;
				GCC_C_LANGUAGE_STANDARD = gnu11;
				GCC_NO_COMMON_BLOCKS = YES;
				GCC_WARN_64_TO_32_BIT_CONVERSION = YES;
				GCC_WARN_ABOUT_RETURN_TYPE = YES_ERROR;
				GCC_WARN_UNDECLARED_SELECTOR = YES;
				GCC_WARN_UNINITIALIZED_AUTOS = YES_AGGRESSIVE;
				GCC_WARN_UNUSED_FUNCTION = YES;
				GCC_WARN_UNUSED_VARIABLE = YES;
				IPHONEOS_DEPLOYMENT_TARGET = 11.2;
				MTL_ENABLE_DEBUG_INFO = NO;
				SDKROOT = iphoneos;
				SWIFT_OPTIMIZATION_LEVEL = "-Owholemodule";
				VALIDATE_PRODUCT = YES;
			};
			name = Release;
		};
		F61D7913205604DD00EA2644 /* Debug */ = {
			isa = XCBuildConfiguration;
			baseConfigurationReference = 95D854729F2E8104A0E226ED /* Pods-itesm_event_listing.debug.xcconfig */;
			buildSettings = {
				ASSETCATALOG_COMPILER_APPICON_NAME = AppIcon;
				CODE_SIGN_ENTITLEMENTS = itesm_event_listing/itesm_event_listing.entitlements;
				CODE_SIGN_IDENTITY = "iPhone Developer";
				CODE_SIGN_STYLE = Automatic;
				DEVELOPMENT_TEAM = "";
				INFOPLIST_FILE = itesm_event_listing/Info.plist;
				LD_RUNPATH_SEARCH_PATHS = "$(inherited) @executable_path/Frameworks";
				PRODUCT_BUNDLE_IDENTIFIER = "rene.itesm-event-listing";
				PRODUCT_NAME = "$(TARGET_NAME)";
				PROVISIONING_PROFILE_SPECIFIER = "";
				SWIFT_VERSION = 4.0;
				TARGETED_DEVICE_FAMILY = "1,2";
			};
			name = Debug;
		};
		F61D7914205604DD00EA2644 /* Release */ = {
			isa = XCBuildConfiguration;
			baseConfigurationReference = EA31740ECC6EAA7D41D644BC /* Pods-itesm_event_listing.release.xcconfig */;
			buildSettings = {
				ASSETCATALOG_COMPILER_APPICON_NAME = AppIcon;
				CODE_SIGN_ENTITLEMENTS = itesm_event_listing/itesm_event_listing.entitlements;
				CODE_SIGN_IDENTITY = "iPhone Developer";
				CODE_SIGN_STYLE = Automatic;
				DEVELOPMENT_TEAM = "";
				INFOPLIST_FILE = itesm_event_listing/Info.plist;
				LD_RUNPATH_SEARCH_PATHS = "$(inherited) @executable_path/Frameworks";
				PRODUCT_BUNDLE_IDENTIFIER = "rene.itesm-event-listing";
				PRODUCT_NAME = "$(TARGET_NAME)";
				PROVISIONING_PROFILE_SPECIFIER = "";
				SWIFT_VERSION = 4.0;
				TARGETED_DEVICE_FAMILY = "1,2";
			};
			name = Release;
		};
		F61D7916205604DD00EA2644 /* Debug */ = {
			isa = XCBuildConfiguration;
			baseConfigurationReference = 32B28ADA8246CCAE9495FDEF /* Pods-itesm_event_listingTests.debug.xcconfig */;
			buildSettings = {
				ALWAYS_EMBED_SWIFT_STANDARD_LIBRARIES = YES;
				BUNDLE_LOADER = "$(TEST_HOST)";
				CODE_SIGN_STYLE = Automatic;
				INFOPLIST_FILE = itesm_event_listingTests/Info.plist;
				LD_RUNPATH_SEARCH_PATHS = "$(inherited) @executable_path/Frameworks @loader_path/Frameworks";
				PRODUCT_BUNDLE_IDENTIFIER = "rene.itesm-event-listingTests";
				PRODUCT_NAME = "$(TARGET_NAME)";
				SWIFT_VERSION = 4.0;
				TARGETED_DEVICE_FAMILY = "1,2";
				TEST_HOST = "$(BUILT_PRODUCTS_DIR)/itesm_event_listing.app/itesm_event_listing";
			};
			name = Debug;
		};
		F61D7917205604DD00EA2644 /* Release */ = {
			isa = XCBuildConfiguration;
			baseConfigurationReference = C62E8586F6FF9561BCEE33A5 /* Pods-itesm_event_listingTests.release.xcconfig */;
			buildSettings = {
				ALWAYS_EMBED_SWIFT_STANDARD_LIBRARIES = YES;
				BUNDLE_LOADER = "$(TEST_HOST)";
				CODE_SIGN_STYLE = Automatic;
				INFOPLIST_FILE = itesm_event_listingTests/Info.plist;
				LD_RUNPATH_SEARCH_PATHS = "$(inherited) @executable_path/Frameworks @loader_path/Frameworks";
				PRODUCT_BUNDLE_IDENTIFIER = "rene.itesm-event-listingTests";
				PRODUCT_NAME = "$(TARGET_NAME)";
				SWIFT_VERSION = 4.0;
				TARGETED_DEVICE_FAMILY = "1,2";
				TEST_HOST = "$(BUILT_PRODUCTS_DIR)/itesm_event_listing.app/itesm_event_listing";
			};
			name = Release;
		};
		F61D7919205604DD00EA2644 /* Debug */ = {
			isa = XCBuildConfiguration;
			baseConfigurationReference = 3BD5B650C4AC73FF33086C7A /* Pods-itesm_event_listingUITests.debug.xcconfig */;
			buildSettings = {
				ALWAYS_EMBED_SWIFT_STANDARD_LIBRARIES = YES;
				CODE_SIGN_STYLE = Automatic;
				INFOPLIST_FILE = itesm_event_listingUITests/Info.plist;
				LD_RUNPATH_SEARCH_PATHS = "$(inherited) @executable_path/Frameworks @loader_path/Frameworks";
				PRODUCT_BUNDLE_IDENTIFIER = "rene.itesm-event-listingUITests";
				PRODUCT_NAME = "$(TARGET_NAME)";
				SWIFT_VERSION = 4.0;
				TARGETED_DEVICE_FAMILY = "1,2";
				TEST_TARGET_NAME = itesm_event_listing;
			};
			name = Debug;
		};
		F61D791A205604DD00EA2644 /* Release */ = {
			isa = XCBuildConfiguration;
			baseConfigurationReference = 4E3C3B94F27A0E5D188E0139 /* Pods-itesm_event_listingUITests.release.xcconfig */;
			buildSettings = {
				ALWAYS_EMBED_SWIFT_STANDARD_LIBRARIES = YES;
				CODE_SIGN_STYLE = Automatic;
				INFOPLIST_FILE = itesm_event_listingUITests/Info.plist;
				LD_RUNPATH_SEARCH_PATHS = "$(inherited) @executable_path/Frameworks @loader_path/Frameworks";
				PRODUCT_BUNDLE_IDENTIFIER = "rene.itesm-event-listingUITests";
				PRODUCT_NAME = "$(TARGET_NAME)";
				SWIFT_VERSION = 4.0;
				TARGETED_DEVICE_FAMILY = "1,2";
				TEST_TARGET_NAME = itesm_event_listing;
			};
			name = Release;
		};
/* End XCBuildConfiguration section */

/* Begin XCConfigurationList section */
		F61D78E5205604DC00EA2644 /* Build configuration list for PBXProject "itesm_event_listing" */ = {
			isa = XCConfigurationList;
			buildConfigurations = (
				F61D7910205604DD00EA2644 /* Debug */,
				F61D7911205604DD00EA2644 /* Release */,
			);
			defaultConfigurationIsVisible = 0;
			defaultConfigurationName = Release;
		};
		F61D7912205604DD00EA2644 /* Build configuration list for PBXNativeTarget "itesm_event_listing" */ = {
			isa = XCConfigurationList;
			buildConfigurations = (
				F61D7913205604DD00EA2644 /* Debug */,
				F61D7914205604DD00EA2644 /* Release */,
			);
			defaultConfigurationIsVisible = 0;
			defaultConfigurationName = Release;
		};
		F61D7915205604DD00EA2644 /* Build configuration list for PBXNativeTarget "itesm_event_listingTests" */ = {
			isa = XCConfigurationList;
			buildConfigurations = (
				F61D7916205604DD00EA2644 /* Debug */,
				F61D7917205604DD00EA2644 /* Release */,
			);
			defaultConfigurationIsVisible = 0;
			defaultConfigurationName = Release;
		};
		F61D7918205604DD00EA2644 /* Build configuration list for PBXNativeTarget "itesm_event_listingUITests" */ = {
			isa = XCConfigurationList;
			buildConfigurations = (
				F61D7919205604DD00EA2644 /* Debug */,
				F61D791A205604DD00EA2644 /* Release */,
			);
			defaultConfigurationIsVisible = 0;
			defaultConfigurationName = Release;
		};
/* End XCConfigurationList section */
	};
	rootObject = F61D78E2205604DC00EA2644 /* Project object */;
}
